// !$*UTF8*$!
{
	archiveVersion = 1;
	classes = {
	};
	objectVersion = 50;
	objects = {

/* Begin PBXBuildFile section */
		E51F65F22436D132006845BE /* AppDelegate.swift in Sources */ = {isa = PBXBuildFile; fileRef = E51F65F12436D132006845BE /* AppDelegate.swift */; };
		E51F65F42436D132006845BE /* SceneDelegate.swift in Sources */ = {isa = PBXBuildFile; fileRef = E51F65F32436D132006845BE /* SceneDelegate.swift */; };
		E51F65F62436D132006845BE /* ViewController.swift in Sources */ = {isa = PBXBuildFile; fileRef = E51F65F52436D132006845BE /* ViewController.swift */; };
		E51F65F92436D132006845BE /* Main.storyboard in Resources */ = {isa = PBXBuildFile; fileRef = E51F65F72436D132006845BE /* Main.storyboard */; };
		E51F65FB2436D133006845BE /* Assets.xcassets in Resources */ = {isa = PBXBuildFile; fileRef = E51F65FA2436D133006845BE /* Assets.xcassets */; };
		E51F65FE2436D133006845BE /* LaunchScreen.storyboard in Resources */ = {isa = PBXBuildFile; fileRef = E51F65FC2436D133006845BE /* LaunchScreen.storyboard */; };
		E51F660C2436D147006845BE /* NotificationCenter.framework in Frameworks */ = {isa = PBXBuildFile; fileRef = E51F660B2436D147006845BE /* NotificationCenter.framework */; };
		E51F660F2436D147006845BE /* TodayViewController.swift in Sources */ = {isa = PBXBuildFile; fileRef = E51F660E2436D147006845BE /* TodayViewController.swift */; };
		E51F66122436D147006845BE /* MainInterface.storyboard in Resources */ = {isa = PBXBuildFile; fileRef = E51F66102436D147006845BE /* MainInterface.storyboard */; };
		E51F66162436D147006845BE /* Widget.appex in Embed App Extensions */ = {isa = PBXBuildFile; fileRef = E51F66092436D147006845BE /* Widget.appex */; settings = {ATTRIBUTES = (RemoveHeadersOnCopy, ); }; };
		E51F661F243713D1006845BE /* Utility.swift in Sources */ = {isa = PBXBuildFile; fileRef = E51F661E243713D1006845BE /* Utility.swift */; };
/* End PBXBuildFile section */

/* Begin PBXContainerItemProxy section */
		E51F66142436D147006845BE /* PBXContainerItemProxy */ = {
			isa = PBXContainerItemProxy;
			containerPortal = E51F65E62436D132006845BE /* Project object */;
			proxyType = 1;
			remoteGlobalIDString = E51F66082436D147006845BE;
			remoteInfo = Widget;
		};
/* End PBXContainerItemProxy section */

/* Begin PBXCopyFilesBuildPhase section */
		E51F661A2436D147006845BE /* Embed App Extensions */ = {
			isa = PBXCopyFilesBuildPhase;
			buildActionMask = 2147483647;
			dstPath = "";
			dstSubfolderSpec = 13;
			files = (
				E51F66162436D147006845BE /* Widget.appex in Embed App Extensions */,
			);
			name = "Embed App Extensions";
			runOnlyForDeploymentPostprocessing = 0;
		};
/* End PBXCopyFilesBuildPhase section */

/* Begin PBXFileReference section */
		E51F65EE2436D132006845BE /* WidgetSample.app */ = {isa = PBXFileReference; explicitFileType = wrapper.application; includeInIndex = 0; path = WidgetSample.app; sourceTree = BUILT_PRODUCTS_DIR; };
		E51F65F12436D132006845BE /* AppDelegate.swift */ = {isa = PBXFileReference; lastKnownFileType = sourcecode.swift; path = AppDelegate.swift; sourceTree = "<group>"; };
		E51F65F32436D132006845BE /* SceneDelegate.swift */ = {isa = PBXFileReference; lastKnownFileType = sourcecode.swift; path = SceneDelegate.swift; sourceTree = "<group>"; };
		E51F65F52436D132006845BE /* ViewController.swift */ = {isa = PBXFileReference; lastKnownFileType = sourcecode.swift; path = ViewController.swift; sourceTree = "<group>"; };
		E51F65F82436D132006845BE /* Base */ = {isa = PBXFileReference; lastKnownFileType = file.storyboard; name = Base; path = Base.lproj/Main.storyboard; sourceTree = "<group>"; };
		E51F65FA2436D133006845BE /* Assets.xcassets */ = {isa = PBXFileReference; lastKnownFileType = folder.assetcatalog; path = Assets.xcassets; sourceTree = "<group>"; };
		E51F65FD2436D133006845BE /* Base */ = {isa = PBXFileReference; lastKnownFileType = file.storyboard; name = Base; path = Base.lproj/LaunchScreen.storyboard; sourceTree = "<group>"; };
		E51F65FF2436D133006845BE /* Info.plist */ = {isa = PBXFileReference; lastKnownFileType = text.plist.xml; path = Info.plist; sourceTree = "<group>"; };
		E51F66092436D147006845BE /* Widget.appex */ = {isa = PBXFileReference; explicitFileType = "wrapper.app-extension"; includeInIndex = 0; path = Widget.appex; sourceTree = BUILT_PRODUCTS_DIR; };
		E51F660B2436D147006845BE /* NotificationCenter.framework */ = {isa = PBXFileReference; lastKnownFileType = wrapper.framework; name = NotificationCenter.framework; path = System/Library/Frameworks/NotificationCenter.framework; sourceTree = SDKROOT; };
		E51F660E2436D147006845BE /* TodayViewController.swift */ = {isa = PBXFileReference; lastKnownFileType = sourcecode.swift; path = TodayViewController.swift; sourceTree = "<group>"; };
		E51F66112436D147006845BE /* Base */ = {isa = PBXFileReference; lastKnownFileType = file.storyboard; name = Base; path = Base.lproj/MainInterface.storyboard; sourceTree = "<group>"; };
		E51F66132436D147006845BE /* Info.plist */ = {isa = PBXFileReference; lastKnownFileType = text.plist.xml; path = Info.plist; sourceTree = "<group>"; };
		E51F661B24371297006845BE /* WidgetSample.entitlements */ = {isa = PBXFileReference; lastKnownFileType = text.plist.entitlements; path = WidgetSample.entitlements; sourceTree = "<group>"; };
		E51F661C24371311006845BE /* Widget.entitlements */ = {isa = PBXFileReference; lastKnownFileType = text.plist.entitlements; path = Widget.entitlements; sourceTree = "<group>"; };
		E51F661E243713D1006845BE /* Utility.swift */ = {isa = PBXFileReference; fileEncoding = 4; lastKnownFileType = sourcecode.swift; path = Utility.swift; sourceTree = "<group>"; };
/* End PBXFileReference section */

/* Begin PBXFrameworksBuildPhase section */
		E51F65EB2436D132006845BE /* Frameworks */ = {
			isa = PBXFrameworksBuildPhase;
			buildActionMask = 2147483647;
			files = (
			);
			runOnlyForDeploymentPostprocessing = 0;
		};
		E51F66062436D147006845BE /* Frameworks */ = {
			isa = PBXFrameworksBuildPhase;
			buildActionMask = 2147483647;
			files = (
				E51F660C2436D147006845BE /* NotificationCenter.framework in Frameworks */,
			);
			runOnlyForDeploymentPostprocessing = 0;
		};
/* End PBXFrameworksBuildPhase section */

/* Begin PBXGroup section */
		E51F65E52436D132006845BE = {
			isa = PBXGroup;
			children = (
				E51F65F02436D132006845BE /* WidgetSample */,
				E51F660D2436D147006845BE /* Widget */,
				E51F660A2436D147006845BE /* Frameworks */,
				E51F65EF2436D132006845BE /* Products */,
			);
			sourceTree = "<group>";
		};
		E51F65EF2436D132006845BE /* Products */ = {
			isa = PBXGroup;
			children = (
				E51F65EE2436D132006845BE /* WidgetSample.app */,
				E51F66092436D147006845BE /* Widget.appex */,
			);
			name = Products;
			sourceTree = "<group>";
		};
		E51F65F02436D132006845BE /* WidgetSample */ = {
			isa = PBXGroup;
			children = (
				E51F661B24371297006845BE /* WidgetSample.entitlements */,
				E51F661D243713D1006845BE /* Utils */,
				E51F65F12436D132006845BE /* AppDelegate.swift */,
				E51F65F32436D132006845BE /* SceneDelegate.swift */,
				E51F65F52436D132006845BE /* ViewController.swift */,
				E51F65F72436D132006845BE /* Main.storyboard */,
				E51F65FA2436D133006845BE /* Assets.xcassets */,
				E51F65FC2436D133006845BE /* LaunchScreen.storyboard */,
				E51F65FF2436D133006845BE /* Info.plist */,
			);
			path = WidgetSample;
			sourceTree = "<group>";
		};
		E51F660A2436D147006845BE /* Frameworks */ = {
			isa = PBXGroup;
			children = (
				E51F660B2436D147006845BE /* NotificationCenter.framework */,
			);
			name = Frameworks;
			sourceTree = "<group>";
		};
		E51F660D2436D147006845BE /* Widget */ = {
			isa = PBXGroup;
			children = (
				E51F661C24371311006845BE /* Widget.entitlements */,
				E51F660E2436D147006845BE /* TodayViewController.swift */,
				E51F66102436D147006845BE /* MainInterface.storyboard */,
				E51F66132436D147006845BE /* Info.plist */,
			);
			path = Widget;
			sourceTree = "<group>";
		};
		E51F661D243713D1006845BE /* Utils */ = {
			isa = PBXGroup;
			children = (
				E51F661E243713D1006845BE /* Utility.swift */,
			);
			path = Utils;
			sourceTree = "<group>";
		};
/* End PBXGroup section */

/* Begin PBXNativeTarget section */
		E51F65ED2436D132006845BE /* WidgetSample */ = {
			isa = PBXNativeTarget;
			buildConfigurationList = E51F66022436D133006845BE /* Build configuration list for PBXNativeTarget "WidgetSample" */;
			buildPhases = (
				E51F65EA2436D132006845BE /* Sources */,
				E51F65EB2436D132006845BE /* Frameworks */,
				E51F65EC2436D132006845BE /* Resources */,
				E51F661A2436D147006845BE /* Embed App Extensions */,
			);
			buildRules = (
			);
			dependencies = (
				E51F66152436D147006845BE /* PBXTargetDependency */,
			);
			name = WidgetSample;
			productName = WidgetSample;
			productReference = E51F65EE2436D132006845BE /* WidgetSample.app */;
			productType = "com.apple.product-type.application";
		};
		E51F66082436D147006845BE /* Widget */ = {
			isa = PBXNativeTarget;
			buildConfigurationList = E51F66172436D147006845BE /* Build configuration list for PBXNativeTarget "Widget" */;
			buildPhases = (
				E51F66052436D147006845BE /* Sources */,
				E51F66062436D147006845BE /* Frameworks */,
				E51F66072436D147006845BE /* Resources */,
			);
			buildRules = (
			);
			dependencies = (
			);
			name = Widget;
			productName = Widget;
			productReference = E51F66092436D147006845BE /* Widget.appex */;
			productType = "com.apple.product-type.app-extension";
		};
/* End PBXNativeTarget section */

/* Begin PBXProject section */
		E51F65E62436D132006845BE /* Project object */ = {
			isa = PBXProject;
			attributes = {
				LastSwiftUpdateCheck = 1130;
				LastUpgradeCheck = 1130;
				ORGANIZATIONNAME = shAhn;
				TargetAttributes = {
					E51F65ED2436D132006845BE = {
						CreatedOnToolsVersion = 11.3.1;
					};
					E51F66082436D147006845BE = {
						CreatedOnToolsVersion = 11.3.1;
					};
				};
			};
			buildConfigurationList = E51F65E92436D132006845BE /* Build configuration list for PBXProject "WidgetSample" */;
			compatibilityVersion = "Xcode 9.3";
			developmentRegion = en;
			hasScannedForEncodings = 0;
			knownRegions = (
				en,
				Base,
			);
			mainGroup = E51F65E52436D132006845BE;
			productRefGroup = E51F65EF2436D132006845BE /* Products */;
			projectDirPath = "";
			projectRoot = "";
			targets = (
				E51F65ED2436D132006845BE /* WidgetSample */,
				E51F66082436D147006845BE /* Widget */,
			);
		};
/* End PBXProject section */

/* Begin PBXResourcesBuildPhase section */
		E51F65EC2436D132006845BE /* Resources */ = {
			isa = PBXResourcesBuildPhase;
			buildActionMask = 2147483647;
			files = (
				E51F65FE2436D133006845BE /* LaunchScreen.storyboard in Resources */,
				E51F65FB2436D133006845BE /* Assets.xcassets in Resources */,
				E51F65F92436D132006845BE /* Main.storyboard in Resources */,
			);
			runOnlyForDeploymentPostprocessing = 0;
		};
		E51F66072436D147006845BE /* Resources */ = {
			isa = PBXResourcesBuildPhase;
			buildActionMask = 2147483647;
			files = (
				E51F66122436D147006845BE /* MainInterface.storyboard in Resources */,
			);
			runOnlyForDeploymentPostprocessing = 0;
		};
/* End PBXResourcesBuildPhase section */

/* Begin PBXSourcesBuildPhase section */
		E51F65EA2436D132006845BE /* Sources */ = {
			isa = PBXSourcesBuildPhase;
			buildActionMask = 2147483647;
			files = (
				E51F661F243713D1006845BE /* Utility.swift in Sources */,
				E51F65F62436D132006845BE /* ViewController.swift in Sources */,
				E51F65F22436D132006845BE /* AppDelegate.swift in Sources */,
				E51F65F42436D132006845BE /* SceneDelegate.swift in Sources */,
			);
			runOnlyForDeploymentPostprocessing = 0;
		};
		E51F66052436D147006845BE /* Sources */ = {
			isa = PBXSourcesBuildPhase;
			buildActionMask = 2147483647;
			files = (
				E51F660F2436D147006845BE /* TodayViewController.swift in Sources */,
			);
			runOnlyForDeploymentPostprocessing = 0;
		};
/* End PBXSourcesBuildPhase section */

/* Begin PBXTargetDependency section */
		E51F66152436D147006845BE /* PBXTargetDependency */ = {
			isa = PBXTargetDependency;
			target = E51F66082436D147006845BE /* Widget */;
			targetProxy = E51F66142436D147006845BE /* PBXContainerItemProxy */;
		};
/* End PBXTargetDependency section */

/* Begin PBXVariantGroup section */
		E51F65F72436D132006845BE /* Main.storyboard */ = {
			isa = PBXVariantGroup;
			children = (
				E51F65F82436D132006845BE /* Base */,
			);
			name = Main.storyboard;
			sourceTree = "<group>";
		};
		E51F65FC2436D133006845BE /* LaunchScreen.storyboard */ = {
			isa = PBXVariantGroup;
			children = (
				E51F65FD2436D133006845BE /* Base */,
			);
			name = LaunchScreen.storyboard;
			sourceTree = "<group>";
		};
		E51F66102436D147006845BE /* MainInterface.storyboard */ = {
			isa = PBXVariantGroup;
			children = (
				E51F66112436D147006845BE /* Base */,
			);
			name = MainInterface.storyboard;
			sourceTree = "<group>";
		};
/* End PBXVariantGroup section */

/* Begin XCBuildConfiguration section */
		E51F66002436D133006845BE /* Debug */ = {
			isa = XCBuildConfiguration;
			buildSettings = {
				ALWAYS_SEARCH_USER_PATHS = NO;
				CLANG_ANALYZER_NONNULL = YES;
				CLANG_ANALYZER_NUMBER_OBJECT_CONVERSION = YES_AGGRESSIVE;
				CLANG_CXX_LANGUAGE_STANDARD = "gnu++14";
				CLANG_CXX_LIBRARY = "libc++";
				CLANG_ENABLE_MODULES = YES;
				CLANG_ENABLE_OBJC_ARC = YES;
				CLANG_ENABLE_OBJC_WEAK = YES;
				CLANG_WARN_BLOCK_CAPTURE_AUTORELEASING = YES;
				CLANG_WARN_BOOL_CONVERSION = YES;
				CLANG_WARN_COMMA = YES;
				CLANG_WARN_CONSTANT_CONVERSION = YES;
				CLANG_WARN_DEPRECATED_OBJC_IMPLEMENTATIONS = YES;
				CLANG_WARN_DIRECT_OBJC_ISA_USAGE = YES_ERROR;
				CLANG_WARN_DOCUMENTATION_COMMENTS = YES;
				CLANG_WARN_EMPTY_BODY = YES;
				CLANG_WARN_ENUM_CONVERSION = YES;
				CLANG_WARN_INFINITE_RECURSION = YES;
				CLANG_WARN_INT_CONVERSION = YES;
				CLANG_WARN_NON_LITERAL_NULL_CONVERSION = YES;
				CLANG_WARN_OBJC_IMPLICIT_RETAIN_SELF = YES;
				CLANG_WARN_OBJC_LITERAL_CONVERSION = YES;
				CLANG_WARN_OBJC_ROOT_CLASS = YES_ERROR;
				CLANG_WARN_RANGE_LOOP_ANALYSIS = YES;
				CLANG_WARN_STRICT_PROTOTYPES = YES;
				CLANG_WARN_SUSPICIOUS_MOVE = YES;
				CLANG_WARN_UNGUARDED_AVAILABILITY = YES_AGGRESSIVE;
				CLANG_WARN_UNREACHABLE_CODE = YES;
				CLANG_WARN__DUPLICATE_METHOD_MATCH = YES;
				COPY_PHASE_STRIP = NO;
				DEBUG_INFORMATION_FORMAT = dwarf;
				ENABLE_STRICT_OBJC_MSGSEND = YES;
				ENABLE_TESTABILITY = YES;
				GCC_C_LANGUAGE_STANDARD = gnu11;
				GCC_DYNAMIC_NO_PIC = NO;
				GCC_NO_COMMON_BLOCKS = YES;
				GCC_OPTIMIZATION_LEVEL = 0;
				GCC_PREPROCESSOR_DEFINITIONS = (
					"DEBUG=1",
					"$(inherited)",
				);
				GCC_WARN_64_TO_32_BIT_CONVERSION = YES;
				GCC_WARN_ABOUT_RETURN_TYPE = YES_ERROR;
				GCC_WARN_UNDECLARED_SELECTOR = YES;
				GCC_WARN_UNINITIALIZED_AUTOS = YES_AGGRESSIVE;
				GCC_WARN_UNUSED_FUNCTION = YES;
				GCC_WARN_UNUSED_VARIABLE = YES;
				IPHONEOS_DEPLOYMENT_TARGET = 13.2;
				MTL_ENABLE_DEBUG_INFO = INCLUDE_SOURCE;
				MTL_FAST_MATH = YES;
				ONLY_ACTIVE_ARCH = YES;
				SDKROOT = iphoneos;
				SWIFT_ACTIVE_COMPILATION_CONDITIONS = DEBUG;
				SWIFT_OPTIMIZATION_LEVEL = "-Onone";
			};
			name = Debug;
		};
		E51F66012436D133006845BE /* Release */ = {
			isa = XCBuildConfiguration;
			buildSettings = {
				ALWAYS_SEARCH_USER_PATHS = NO;
				CLANG_ANALYZER_NONNULL = YES;
				CLANG_ANALYZER_NUMBER_OBJECT_CONVERSION = YES_AGGRESSIVE;
				CLANG_CXX_LANGUAGE_STANDARD = "gnu++14";
				CLANG_CXX_LIBRARY = "libc++";
				CLANG_ENABLE_MODULES = YES;
				CLANG_ENABLE_OBJC_ARC = YES;
				CLANG_ENABLE_OBJC_WEAK = YES;
				CLANG_WARN_BLOCK_CAPTURE_AUTORELEASING = YES;
				CLANG_WARN_BOOL_CONVERSION = YES;
				CLANG_WARN_COMMA = YES;
				CLANG_WARN_CONSTANT_CONVERSION = YES;
				CLANG_WARN_DEPRECATED_OBJC_IMPLEMENTATIONS = YES;
				CLANG_WARN_DIRECT_OBJC_ISA_USAGE = YES_ERROR;
				CLANG_WARN_DOCUMENTATION_COMMENTS = YES;
				CLANG_WARN_EMPTY_BODY = YES;
				CLANG_WARN_ENUM_CONVERSION = YES;
				CLANG_WARN_INFINITE_RECURSION = YES;
				CLANG_WARN_INT_CONVERSION = YES;
				CLANG_WARN_NON_LITERAL_NULL_CONVERSION = YES;
				CLANG_WARN_OBJC_IMPLICIT_RETAIN_SELF = YES;
				CLANG_WARN_OBJC_LITERAL_CONVERSION = YES;
				CLANG_WARN_OBJC_ROOT_CLASS = YES_ERROR;
				CLANG_WARN_RANGE_LOOP_ANALYSIS = YES;
				CLANG_WARN_STRICT_PROTOTYPES = YES;
				CLANG_WARN_SUSPICIOUS_MOVE = YES;
				CLANG_WARN_UNGUARDED_AVAILABILITY = YES_AGGRESSIVE;
				CLANG_WARN_UNREACHABLE_CODE = YES;
				CLANG_WARN__DUPLICATE_METHOD_MATCH = YES;
				COPY_PHASE_STRIP = NO;
				DEBUG_INFORMATION_FORMAT = "dwarf-with-dsym";
				ENABLE_NS_ASSERTIONS = NO;
				ENABLE_STRICT_OBJC_MSGSEND = YES;
				GCC_C_LANGUAGE_STANDARD = gnu11;
				GCC_NO_COMMON_BLOCKS = YES;
				GCC_WARN_64_TO_32_BIT_CONVERSION = YES;
				GCC_WARN_ABOUT_RETURN_TYPE = YES_ERROR;
				GCC_WARN_UNDECLARED_SELECTOR = YES;
				GCC_WARN_UNINITIALIZED_AUTOS = YES_AGGRESSIVE;
				GCC_WARN_UNUSED_FUNCTION = YES;
				GCC_WARN_UNUSED_VARIABLE = YES;
				IPHONEOS_DEPLOYMENT_TARGET = 13.2;
				MTL_ENABLE_DEBUG_INFO = NO;
				MTL_FAST_MATH = YES;
				SDKROOT = iphoneos;
				SWIFT_COMPILATION_MODE = wholemodule;
				SWIFT_OPTIMIZATION_LEVEL = "-O";
				VALIDATE_PRODUCT = YES;
			};
			name = Release;
		};
		E51F66032436D133006845BE /* Debug */ = {
			isa = XCBuildConfiguration;
			buildSettings = {
				ALWAYS_EMBED_SWIFT_STANDARD_LIBRARIES = YES;
				ASSETCATALOG_COMPILER_APPICON_NAME = AppIcon;
				CODE_SIGN_ENTITLEMENTS = WidgetSample/WidgetSample.entitlements;
				CODE_SIGN_STYLE = Automatic;
				DEVELOPMENT_TEAM = 8WGBZHP3L6;
				INFOPLIST_FILE = WidgetSample/Info.plist;
				LD_RUNPATH_SEARCH_PATHS = (
					"$(inherited)",
					"@executable_path/Frameworks",
				);
				PRODUCT_BUNDLE_IDENTIFIER = com.shTest.WidgetSample;
				PRODUCT_NAME = "$(TARGET_NAME)";
				SWIFT_VERSION = 5.0;
				TARGETED_DEVICE_FAMILY = "1,2";
			};
			name = Debug;
		};
		E51F66042436D133006845BE /* Release */ = {
			isa = XCBuildConfiguration;
			buildSettings = {
				ALWAYS_EMBED_SWIFT_STANDARD_LIBRARIES = YES;
				ASSETCATALOG_COMPILER_APPICON_NAME = AppIcon;
				CODE_SIGN_ENTITLEMENTS = WidgetSample/WidgetSample.entitlements;
				CODE_SIGN_STYLE = Automatic;
				DEVELOPMENT_TEAM = 8WGBZHP3L6;
				INFOPLIST_FILE = WidgetSample/Info.plist;
				LD_RUNPATH_SEARCH_PATHS = (
					"$(inherited)",
					"@executable_path/Frameworks",
				);
				PRODUCT_BUNDLE_IDENTIFIER = com.shTest.WidgetSample;
				PRODUCT_NAME = "$(TARGET_NAME)";
				SWIFT_VERSION = 5.0;
				TARGETED_DEVICE_FAMILY = "1,2";
			};
			name = Release;
		};
		E51F66182436D147006845BE /* Debug */ = {
			isa = XCBuildConfiguration;
			buildSettings = {
				CODE_SIGN_ENTITLEMENTS = Widget/Widget.entitlements;
				CODE_SIGN_STYLE = Automatic;
				DEVELOPMENT_TEAM = 8WGBZHP3L6;
				INFOPLIST_FILE = Widget/Info.plist;
				LD_RUNPATH_SEARCH_PATHS = (
					"$(inherited)",
					"@executable_path/Frameworks",
					"@executable_path/../../Frameworks",
				);
				PRODUCT_BUNDLE_IDENTIFIER = com.shTest.WidgetSample.Widget;
				PRODUCT_NAME = "$(TARGET_NAME)";
				SKIP_INSTALL = YES;
				SWIFT_VERSION = 5.0;
				TARGETED_DEVICE_FAMILY = "1,2";
			};
			name = Debug;
		};
		E51F66192436D147006845BE /* Release */ = {
			isa = XCBuildConfiguration;
			buildSettings = {
				CODE_SIGN_ENTITLEMENTS = Widget/Widget.entitlements;
				CODE_SIGN_STYLE = Automatic;
				DEVELOPMENT_TEAM = 8WGBZHP3L6;
				INFOPLIST_FILE = Widget/Info.plist;
				LD_RUNPATH_SEARCH_PATHS = (
					"$(inherited)",
					"@executable_path/Frameworks",
					"@executable_path/../../Frameworks",
				);
				PRODUCT_BUNDLE_IDENTIFIER = com.shTest.WidgetSample.Widget;
				PRODUCT_NAME = "$(TARGET_NAME)";
				SKIP_INSTALL = YES;
				SWIFT_VERSION = 5.0;
				TARGETED_DEVICE_FAMILY = "1,2";
			};
			name = Release;
		};
/* End XCBuildConfiguration section */

/* Begin XCConfigurationList section */
		E51F65E92436D132006845BE /* Build configuration list for PBXProject "WidgetSample" */ = {
			isa = XCConfigurationList;
			buildConfigurations = (
				E51F66002436D133006845BE /* Debug */,
				E51F66012436D133006845BE /* Release */,
			);
			defaultConfigurationIsVisible = 0;
			defaultConfigurationName = Release;
		};
		E51F66022436D133006845BE /* Build configuration list for PBXNativeTarget "WidgetSample" */ = {
			isa = XCConfigurationList;
			buildConfigurations = (
				E51F66032436D133006845BE /* Debug */,
				E51F66042436D133006845BE /* Release */,
			);
			defaultConfigurationIsVisible = 0;
			defaultConfigurationName = Release;
		};
		E51F66172436D147006845BE /* Build configuration list for PBXNativeTarget "Widget" */ = {
			isa = XCConfigurationList;
			buildConfigurations = (
				E51F66182436D147006845BE /* Debug */,
				E51F66192436D147006845BE /* Release */,
			);
			defaultConfigurationIsVisible = 0;
			defaultConfigurationName = Release;
		};
/* End XCConfigurationList section */
	};
	rootObject = E51F65E62436D132006845BE /* Project object */;
}
